{
  "originHash" : "e2b114fa06678d92b40538ce75fabcabb8173f38dc0d1c7925802101c828c8ae",
  "pins" : [
    {
      "identity" : "onnxruntime-libs",
      "kind" : "remoteSourceControl",
      "location" : "https://github.com/csukuangfj/onnxruntime-libs",
      "state" : {
        "revision" : "5cc3d2e84d9eade2562cf29a93fa3a520a75ca57",
        "version" : "1.28.1"
      }
    },
    {
      "identity" : "sherpa-onnx",
      "kind" : "remoteSourceControl",
      "location" : "https://github.com/k2-fsa/sherpa-onnx",
      "state" : {
        "revision" : "917bed95c8e5c7c18aa4d69fea42e9ef8ef0a60e",
        "version" : "1.13.7"
      }
    },
    {
      "identity" : "zipfoundation",
      "kind" : "remoteSourceControl",
      "location" : "https://github.com/weichsel/ZIPFoundation",
      "state" : {
        "revision" : "22787ffb59de99e5dc1fbfe80b19c97a904ad48d",
        "version" : "0.9.20"
      }
    }
  ],
  "version" : 3
}
